// !$*UTF8*$!
{
	archiveVersion = 1;
	classes = {
	};
	objectVersion = 50;
	objects = {

/* Begin PBXBuildFile section */
		6FE6BBF006E8718D384E5241 /* Pods_GoNews.framework in Frameworks */ = {isa = PBXBuildFile; fileRef = 22CEB3DDCAEF7520BBA51D6A /* Pods_GoNews.framework */; };
		7B959B833F595623C0947185 /* Pods_GoNewsUITests.framework in Frameworks */ = {isa = PBXBuildFile; fileRef = 8E1458F443B8E16C9A395CD8 /* Pods_GoNewsUITests.framework */; };
		9A25D3B12206713000D96661 /* AppDelegate.swift in Sources */ = {isa = PBXBuildFile; fileRef = 9A25D3B02206713000D96661 /* AppDelegate.swift */; };
		9A25D3B82206713000D96661 /* Main.storyboard in Resources */ = {isa = PBXBuildFile; fileRef = 9A25D3B62206713000D96661 /* Main.storyboard */; };
		9A25D3BA2206713100D96661 /* Assets.xcassets in Resources */ = {isa = PBXBuildFile; fileRef = 9A25D3B92206713100D96661 /* Assets.xcassets */; };
		9A25D3BD2206713100D96661 /* LaunchScreen.storyboard in Resources */ = {isa = PBXBuildFile; fileRef = 9A25D3BB2206713100D96661 /* LaunchScreen.storyboard */; };
		9A25D3C82206713100D96661 /* GoNewsTests.swift in Sources */ = {isa = PBXBuildFile; fileRef = 9A25D3C72206713100D96661 /* GoNewsTests.swift */; };
		9A25D3D32206713100D96661 /* GoNewsUITests.swift in Sources */ = {isa = PBXBuildFile; fileRef = 9A25D3D22206713100D96661 /* GoNewsUITests.swift */; };
		9A5E90242207B43C00ABDE63 /* UIContol+Extension.swift in Sources */ = {isa = PBXBuildFile; fileRef = 9A5E90232207B43B00ABDE63 /* UIContol+Extension.swift */; };
		9A5E902A2207B4ED00ABDE63 /* NewsTableViewCell.swift in Sources */ = {isa = PBXBuildFile; fileRef = 9A5E90292207B4ED00ABDE63 /* NewsTableViewCell.swift */; };
		9A5E90302207B4F800ABDE63 /* NewsViewController.swift in Sources */ = {isa = PBXBuildFile; fileRef = 9A5E902D2207B4F800ABDE63 /* NewsViewController.swift */; };
		9A5E90312207B4F800ABDE63 /* SearchViewController.swift in Sources */ = {isa = PBXBuildFile; fileRef = 9A5E902E2207B4F800ABDE63 /* SearchViewController.swift */; };
		9A5E90332207B78C00ABDE63 /* KeyConstants.swift in Sources */ = {isa = PBXBuildFile; fileRef = 9A5E90322207B78C00ABDE63 /* KeyConstants.swift */; };
		9FEBB64977E5A7A5CB957F1C /* Pods_GoNewsTests.framework in Frameworks */ = {isa = PBXBuildFile; fileRef = 3B6AD5A09DC492D43D276023 /* Pods_GoNewsTests.framework */; };
/* End PBXBuildFile section */

/* Begin PBXContainerItemProxy section */
		9A25D3C42206713100D96661 /* PBXContainerItemProxy */ = {
			isa = PBXContainerItemProxy;
			containerPortal = 9A25D3A52206713000D96661 /* Project object */;
			proxyType = 1;
			remoteGlobalIDString = 9A25D3AC2206713000D96661;
			remoteInfo = GoNews;
		};
		9A25D3CF2206713100D96661 /* PBXContainerItemProxy */ = {
			isa = PBXContainerItemProxy;
			containerPortal = 9A25D3A52206713000D96661 /* Project object */;
			proxyType = 1;
			remoteGlobalIDString = 9A25D3AC2206713000D96661;
			remoteInfo = GoNews;
		};
/* End PBXContainerItemProxy section */

/* Begin PBXFileReference section */
		1C77480E0162F218983DA5B0 /* Pods-GoNewsTests.release.xcconfig */ = {isa = PBXFileReference; includeInIndex = 1; lastKnownFileType = text.xcconfig; name = "Pods-GoNewsTests.release.xcconfig"; path = "Pods/Target Support Files/Pods-GoNewsTests/Pods-GoNewsTests.release.xcconfig"; sourceTree = "<group>"; };
		22CEB3DDCAEF7520BBA51D6A /* Pods_GoNews.framework */ = {isa = PBXFileReference; explicitFileType = wrapper.framework; includeInIndex = 0; path = Pods_GoNews.framework; sourceTree = BUILT_PRODUCTS_DIR; };
		3B6AD5A09DC492D43D276023 /* Pods_GoNewsTests.framework */ = {isa = PBXFileReference; explicitFileType = wrapper.framework; includeInIndex = 0; path = Pods_GoNewsTests.framework; sourceTree = BUILT_PRODUCTS_DIR; };
		59DF5244871F258CEA4EAEB8 /* Pods-GoNews.release.xcconfig */ = {isa = PBXFileReference; includeInIndex = 1; lastKnownFileType = text.xcconfig; name = "Pods-GoNews.release.xcconfig"; path = "Pods/Target Support Files/Pods-GoNews/Pods-GoNews.release.xcconfig"; sourceTree = "<group>"; };
		714CF363F8D5F3F9DBF8B79E /* Pods-GoNews.debug.xcconfig */ = {isa = PBXFileReference; includeInIndex = 1; lastKnownFileType = text.xcconfig; name = "Pods-GoNews.debug.xcconfig"; path = "Pods/Target Support Files/Pods-GoNews/Pods-GoNews.debug.xcconfig"; sourceTree = "<group>"; };
		8E1458F443B8E16C9A395CD8 /* Pods_GoNewsUITests.framework */ = {isa = PBXFileReference; explicitFileType = wrapper.framework; includeInIndex = 0; path = Pods_GoNewsUITests.framework; sourceTree = BUILT_PRODUCTS_DIR; };
		9A25D3AD2206713000D96661 /* GoNews.app */ = {isa = PBXFileReference; explicitFileType = wrapper.application; includeInIndex = 0; path = GoNews.app; sourceTree = BUILT_PRODUCTS_DIR; };
		9A25D3B02206713000D96661 /* AppDelegate.swift */ = {isa = PBXFileReference; lastKnownFileType = sourcecode.swift; path = AppDelegate.swift; sourceTree = "<group>"; };
		9A25D3B72206713000D96661 /* Base */ = {isa = PBXFileReference; lastKnownFileType = file.storyboard; name = Base; path = Base.lproj/Main.storyboard; sourceTree = "<group>"; };
		9A25D3B92206713100D96661 /* Assets.xcassets */ = {isa = PBXFileReference; lastKnownFileType = folder.assetcatalog; path = Assets.xcassets; sourceTree = "<group>"; };
		9A25D3BC2206713100D96661 /* Base */ = {isa = PBXFileReference; lastKnownFileType = file.storyboard; name = Base; path = Base.lproj/LaunchScreen.storyboard; sourceTree = "<group>"; };
		9A25D3BE2206713100D96661 /* Info.plist */ = {isa = PBXFileReference; lastKnownFileType = text.plist.xml; path = Info.plist; sourceTree = "<group>"; };
		9A25D3C32206713100D96661 /* GoNewsTests.xctest */ = {isa = PBXFileReference; explicitFileType = wrapper.cfbundle; includeInIndex = 0; path = GoNewsTests.xctest; sourceTree = BUILT_PRODUCTS_DIR; };
		9A25D3C72206713100D96661 /* GoNewsTests.swift */ = {isa = PBXFileReference; lastKnownFileType = sourcecode.swift; path = GoNewsTests.swift; sourceTree = "<group>"; };
		9A25D3C92206713100D96661 /* Info.plist */ = {isa = PBXFileReference; lastKnownFileType = text.plist.xml; path = Info.plist; sourceTree = "<group>"; };
		9A25D3CE2206713100D96661 /* GoNewsUITests.xctest */ = {isa = PBXFileReference; explicitFileType = wrapper.cfbundle; includeInIndex = 0; path = GoNewsUITests.xctest; sourceTree = BUILT_PRODUCTS_DIR; };
		9A25D3D22206713100D96661 /* GoNewsUITests.swift */ = {isa = PBXFileReference; lastKnownFileType = sourcecode.swift; path = GoNewsUITests.swift; sourceTree = "<group>"; };
		9A25D3D42206713100D96661 /* Info.plist */ = {isa = PBXFileReference; lastKnownFileType = text.plist.xml; path = Info.plist; sourceTree = "<group>"; };
		9A5E90232207B43B00ABDE63 /* UIContol+Extension.swift */ = {isa = PBXFileReference; fileEncoding = 4; lastKnownFileType = sourcecode.swift; path = "UIContol+Extension.swift"; sourceTree = "<group>"; };
		9A5E90292207B4ED00ABDE63 /* NewsTableViewCell.swift */ = {isa = PBXFileReference; fileEncoding = 4; lastKnownFileType = sourcecode.swift; path = NewsTableViewCell.swift; sourceTree = "<group>"; };
		9A5E902D2207B4F800ABDE63 /* NewsViewController.swift */ = {isa = PBXFileReference; fileEncoding = 4; lastKnownFileType = sourcecode.swift; path = NewsViewController.swift; sourceTree = "<group>"; };
		9A5E902E2207B4F800ABDE63 /* SearchViewController.swift */ = {isa = PBXFileReference; fileEncoding = 4; lastKnownFileType = sourcecode.swift; path = SearchViewController.swift; sourceTree = "<group>"; };
		9A5E90322207B78C00ABDE63 /* KeyConstants.swift */ = {isa = PBXFileReference; lastKnownFileType = sourcecode.swift; path = KeyConstants.swift; sourceTree = "<group>"; };
		9D5B19341198C9A5974A4B4A /* Pods-GoNewsUITests.release.xcconfig */ = {isa = PBXFileReference; includeInIndex = 1; lastKnownFileType = text.xcconfig; name = "Pods-GoNewsUITests.release.xcconfig"; path = "Pods/Target Support Files/Pods-GoNewsUITests/Pods-GoNewsUITests.release.xcconfig"; sourceTree = "<group>"; };
		CF3E5621436A9460E7539408 /* Pods-GoNewsUITests.debug.xcconfig */ = {isa = PBXFileReference; includeInIndex = 1; lastKnownFileType = text.xcconfig; name = "Pods-GoNewsUITests.debug.xcconfig"; path = "Pods/Target Support Files/Pods-GoNewsUITests/Pods-GoNewsUITests.debug.xcconfig"; sourceTree = "<group>"; };
		E6A073294239F1C4A528A4F0 /* Pods-GoNewsTests.debug.xcconfig */ = {isa = PBXFileReference; includeInIndex = 1; lastKnownFileType = text.xcconfig; name = "Pods-GoNewsTests.debug.xcconfig"; path = "Pods/Target Support Files/Pods-GoNewsTests/Pods-GoNewsTests.debug.xcconfig"; sourceTree = "<group>"; };
/* End PBXFileReference section */

/* Begin PBXFrameworksBuildPhase section */
		9A25D3AA2206713000D96661 /* Frameworks */ = {
			isa = PBXFrameworksBuildPhase;
			buildActionMask = 2147483647;
			files = (
				6FE6BBF006E8718D384E5241 /* Pods_GoNews.framework in Frameworks */,
			);
			runOnlyForDeploymentPostprocessing = 0;
		};
		9A25D3C02206713100D96661 /* Frameworks */ = {
			isa = PBXFrameworksBuildPhase;
			buildActionMask = 2147483647;
			files = (
				9FEBB64977E5A7A5CB957F1C /* Pods_GoNewsTests.framework in Frameworks */,
			);
			runOnlyForDeploymentPostprocessing = 0;
		};
		9A25D3CB2206713100D96661 /* Frameworks */ = {
			isa = PBXFrameworksBuildPhase;
			buildActionMask = 2147483647;
			files = (
				7B959B833F595623C0947185 /* Pods_GoNewsUITests.framework in Frameworks */,
			);
			runOnlyForDeploymentPostprocessing = 0;
		};
/* End PBXFrameworksBuildPhase section */

/* Begin PBXGroup section */
		556CA5EE259F5F9D2580BFDF /* Frameworks */ = {
			isa = PBXGroup;
			children = (
				22CEB3DDCAEF7520BBA51D6A /* Pods_GoNews.framework */,
				3B6AD5A09DC492D43D276023 /* Pods_GoNewsTests.framework */,
				8E1458F443B8E16C9A395CD8 /* Pods_GoNewsUITests.framework */,
			);
			name = Frameworks;
			sourceTree = "<group>";
		};
		9A25D3A42206713000D96661 = {
			isa = PBXGroup;
			children = (
				9A25D3AF2206713000D96661 /* GoNews */,
				9A25D3C62206713100D96661 /* GoNewsTests */,
				9A25D3D12206713100D96661 /* GoNewsUITests */,
				9A25D3AE2206713000D96661 /* Products */,
				C6E1210615AAA9413ADF3B12 /* Pods */,
				556CA5EE259F5F9D2580BFDF /* Frameworks */,
			);
			sourceTree = "<group>";
		};
		9A25D3AE2206713000D96661 /* Products */ = {
			isa = PBXGroup;
			children = (
				9A25D3AD2206713000D96661 /* GoNews.app */,
				9A25D3C32206713100D96661 /* GoNewsTests.xctest */,
				9A25D3CE2206713100D96661 /* GoNewsUITests.xctest */,
			);
			name = Products;
			sourceTree = "<group>";
		};
		9A25D3AF2206713000D96661 /* GoNews */ = {
			isa = PBXGroup;
			children = (
				9A25D3B02206713000D96661 /* AppDelegate.swift */,
				9A5E90282207B4ED00ABDE63 /* Modal */,
				9A25D3E22206724600D96661 /* View */,
				9A5E902B2207B4F800ABDE63 /* Controller */,
				9A5E90222207B43B00ABDE63 /* Other */,
				9A25D3B92206713100D96661 /* Assets.xcassets */,
				9A25D3BB2206713100D96661 /* LaunchScreen.storyboard */,
				9A25D3BE2206713100D96661 /* Info.plist */,
			);
			path = GoNews;
			sourceTree = "<group>";
		};
		9A25D3C62206713100D96661 /* GoNewsTests */ = {
			isa = PBXGroup;
			children = (
				9A25D3C72206713100D96661 /* GoNewsTests.swift */,
				9A25D3C92206713100D96661 /* Info.plist */,
			);
			path = GoNewsTests;
			sourceTree = "<group>";
		};
		9A25D3D12206713100D96661 /* GoNewsUITests */ = {
			isa = PBXGroup;
			children = (
				9A25D3D22206713100D96661 /* GoNewsUITests.swift */,
				9A25D3D42206713100D96661 /* Info.plist */,
			);
			path = GoNewsUITests;
			sourceTree = "<group>";
		};
		9A25D3E22206724600D96661 /* View */ = {
			isa = PBXGroup;
			children = (
				9A25D3B62206713000D96661 /* Main.storyboard */,
			);
			path = View;
			sourceTree = "<group>";
		};
		9A5E90222207B43B00ABDE63 /* Other */ = {
			isa = PBXGroup;
			children = (
				9A5E90232207B43B00ABDE63 /* UIContol+Extension.swift */,
				9A5E90322207B78C00ABDE63 /* KeyConstants.swift */,
			);
			path = Other;
			sourceTree = "<group>";
		};
		9A5E90282207B4ED00ABDE63 /* Modal */ = {
			isa = PBXGroup;
			children = (
				9A5E90292207B4ED00ABDE63 /* NewsTableViewCell.swift */,
			);
			path = Modal;
			sourceTree = "<group>";
		};
		9A5E902B2207B4F800ABDE63 /* Controller */ = {
			isa = PBXGroup;
			children = (
				9A5E902D2207B4F800ABDE63 /* NewsViewController.swift */,
				9A5E902E2207B4F800ABDE63 /* SearchViewController.swift */,
			);
			name = Controller;
			path = GoNews/Controller;
			sourceTree = SOURCE_ROOT;
		};
		C6E1210615AAA9413ADF3B12 /* Pods */ = {
			isa = PBXGroup;
			children = (
				714CF363F8D5F3F9DBF8B79E /* Pods-GoNews.debug.xcconfig */,
				59DF5244871F258CEA4EAEB8 /* Pods-GoNews.release.xcconfig */,
				E6A073294239F1C4A528A4F0 /* Pods-GoNewsTests.debug.xcconfig */,
				1C77480E0162F218983DA5B0 /* Pods-GoNewsTests.release.xcconfig */,
				CF3E5621436A9460E7539408 /* Pods-GoNewsUITests.debug.xcconfig */,
				9D5B19341198C9A5974A4B4A /* Pods-GoNewsUITests.release.xcconfig */,
			);
			name = Pods;
			sourceTree = "<group>";
		};
/* End PBXGroup section */

/* Begin PBXNativeTarget section */
		9A25D3AC2206713000D96661 /* GoNews */ = {
			isa = PBXNativeTarget;
			buildConfigurationList = 9A25D3D72206713100D96661 /* Build configuration list for PBXNativeTarget "GoNews" */;
			buildPhases = (
				176F22D6C5C45F327005AB98 /* [CP] Check Pods Manifest.lock */,
				9A25D3A92206713000D96661 /* Sources */,
				9A25D3AA2206713000D96661 /* Frameworks */,
				9A25D3AB2206713000D96661 /* Resources */,
				06C20D472B035EDF3278A7AD /* [CP] Embed Pods Frameworks */,
			);
			buildRules = (
			);
			dependencies = (
			);
			name = GoNews;
			productName = GoNews;
			productReference = 9A25D3AD2206713000D96661 /* GoNews.app */;
			productType = "com.apple.product-type.application";
		};
		9A25D3C22206713100D96661 /* GoNewsTests */ = {
			isa = PBXNativeTarget;
			buildConfigurationList = 9A25D3DA2206713100D96661 /* Build configuration list for PBXNativeTarget "GoNewsTests" */;
			buildPhases = (
				5FFFCA75D301421A2FA4F23E /* [CP] Check Pods Manifest.lock */,
				9A25D3BF2206713100D96661 /* Sources */,
				9A25D3C02206713100D96661 /* Frameworks */,
				9A25D3C12206713100D96661 /* Resources */,
			);
			buildRules = (
			);
			dependencies = (
				9A25D3C52206713100D96661 /* PBXTargetDependency */,
			);
			name = GoNewsTests;
			productName = GoNewsTests;
			productReference = 9A25D3C32206713100D96661 /* GoNewsTests.xctest */;
			productType = "com.apple.product-type.bundle.unit-test";
		};
		9A25D3CD2206713100D96661 /* GoNewsUITests */ = {
			isa = PBXNativeTarget;
			buildConfigurationList = 9A25D3DD2206713100D96661 /* Build configuration list for PBXNativeTarget "GoNewsUITests" */;
			buildPhases = (
				F26C1059C2164048CC2C1772 /* [CP] Check Pods Manifest.lock */,
				9A25D3CA2206713100D96661 /* Sources */,
				9A25D3CB2206713100D96661 /* Frameworks */,
				9A25D3CC2206713100D96661 /* Resources */,
			);
			buildRules = (
			);
			dependencies = (
				9A25D3D02206713100D96661 /* PBXTargetDependency */,
			);
			name = GoNewsUITests;
			productName = GoNewsUITests;
			productReference = 9A25D3CE2206713100D96661 /* GoNewsUITests.xctest */;
			productType = "com.apple.product-type.bundle.ui-testing";
		};
/* End PBXNativeTarget section */

/* Begin PBXProject section */
		9A25D3A52206713000D96661 /* Project object */ = {
			isa = PBXProject;
			attributes = {
				LastSwiftUpdateCheck = 1010;
				LastUpgradeCheck = 1010;
				ORGANIZATIONNAME = Nidhi;
				TargetAttributes = {
					9A25D3AC2206713000D96661 = {
						CreatedOnToolsVersion = 10.1;
					};
					9A25D3C22206713100D96661 = {
						CreatedOnToolsVersion = 10.1;
						TestTargetID = 9A25D3AC2206713000D96661;
					};
					9A25D3CD2206713100D96661 = {
						CreatedOnToolsVersion = 10.1;
						TestTargetID = 9A25D3AC2206713000D96661;
					};
				};
			};
			buildConfigurationList = 9A25D3A82206713000D96661 /* Build configuration list for PBXProject "GoNews" */;
			compatibilityVersion = "Xcode 9.3";
			developmentRegion = en;
			hasScannedForEncodings = 0;
			knownRegions = (
				en,
				Base,
			);
			mainGroup = 9A25D3A42206713000D96661;
			productRefGroup = 9A25D3AE2206713000D96661 /* Products */;
			projectDirPath = "";
			projectRoot = "";
			targets = (
				9A25D3AC2206713000D96661 /* GoNews */,
				9A25D3C22206713100D96661 /* GoNewsTests */,
				9A25D3CD2206713100D96661 /* GoNewsUITests */,
			);
		};
/* End PBXProject section */

/* Begin PBXResourcesBuildPhase section */
		9A25D3AB2206713000D96661 /* Resources */ = {
			isa = PBXResourcesBuildPhase;
			buildActionMask = 2147483647;
			files = (
				9A25D3BD2206713100D96661 /* LaunchScreen.storyboard in Resources */,
				9A25D3BA2206713100D96661 /* Assets.xcassets in Resources */,
				9A25D3B82206713000D96661 /* Main.storyboard in Resources */,
			);
			runOnlyForDeploymentPostprocessing = 0;
		};
		9A25D3C12206713100D96661 /* Resources */ = {
			isa = PBXResourcesBuildPhase;
			buildActionMask = 2147483647;
			files = (
			);
			runOnlyForDeploymentPostprocessing = 0;
		};
		9A25D3CC2206713100D96661 /* Resources */ = {
			isa = PBXResourcesBuildPhase;
			buildActionMask = 2147483647;
			files = (
			);
			runOnlyForDeploymentPostprocessing = 0;
		};
/* End PBXResourcesBuildPhase section */

/* Begin PBXShellScriptBuildPhase section */
		06C20D472B035EDF3278A7AD /* [CP] Embed Pods Frameworks */ = {
			isa = PBXShellScriptBuildPhase;
			buildActionMask = 2147483647;
			files = (
			);
			inputFileListPaths = (
			);
			inputPaths = (
				"${SRCROOT}/Pods/Target Support Files/Pods-GoNews/Pods-GoNews-frameworks.sh",
				"${BUILT_PRODUCTS_DIR}/Alamofire/Alamofire.framework",
				"${BUILT_PRODUCTS_DIR}/Kingfisher/Kingfisher.framework",
				"${BUILT_PRODUCTS_DIR}/ReachabilitySwift/Reachability.framework",
				"${BUILT_PRODUCTS_DIR}/SVProgressHUD/SVProgressHUD.framework",
				"${BUILT_PRODUCTS_DIR}/SwiftyJSON/SwiftyJSON.framework",
			);
			name = "[CP] Embed Pods Frameworks";
			outputFileListPaths = (
			);
			outputPaths = (
				"${TARGET_BUILD_DIR}/${FRAMEWORKS_FOLDER_PATH}/Alamofire.framework",
				"${TARGET_BUILD_DIR}/${FRAMEWORKS_FOLDER_PATH}/Kingfisher.framework",
				"${TARGET_BUILD_DIR}/${FRAMEWORKS_FOLDER_PATH}/Reachability.framework",
				"${TARGET_BUILD_DIR}/${FRAMEWORKS_FOLDER_PATH}/SVProgressHUD.framework",
				"${TARGET_BUILD_DIR}/${FRAMEWORKS_FOLDER_PATH}/SwiftyJSON.framework",
			);
			runOnlyForDeploymentPostprocessing = 0;
			shellPath = /bin/sh;
			shellScript = "\"${SRCROOT}/Pods/Target Support Files/Pods-GoNews/Pods-GoNews-frameworks.sh\"\n";
			showEnvVarsInLog = 0;
		};
		176F22D6C5C45F327005AB98 /* [CP] Check Pods Manifest.lock */ = {
			isa = PBXShellScriptBuildPhase;
			buildActionMask = 2147483647;
			files = (
			);
			inputFileListPaths = (
			);
			inputPaths = (
				"${PODS_PODFILE_DIR_PATH}/Podfile.lock",
				"${PODS_ROOT}/Manifest.lock",
			);
			name = "[CP] Check Pods Manifest.lock";
			outputFileListPaths = (
			);
			outputPaths = (
				"$(DERIVED_FILE_DIR)/Pods-GoNews-checkManifestLockResult.txt",
			);
			runOnlyForDeploymentPostprocessing = 0;
			shellPath = /bin/sh;
			shellScript = "diff \"${PODS_PODFILE_DIR_PATH}/Podfile.lock\" \"${PODS_ROOT}/Manifest.lock\" > /dev/null\nif [ $? != 0 ] ; then\n    # print error to STDERR\n    echo \"error: The sandbox is not in sync with the Podfile.lock. Run 'pod install' or update your CocoaPods installation.\" >&2\n    exit 1\nfi\n# This output is used by Xcode 'outputs' to avoid re-running this script phase.\necho \"SUCCESS\" > \"${SCRIPT_OUTPUT_FILE_0}\"\n";
			showEnvVarsInLog = 0;
		};
		5FFFCA75D301421A2FA4F23E /* [CP] Check Pods Manifest.lock */ = {
			isa = PBXShellScriptBuildPhase;
			buildActionMask = 2147483647;
			files = (
			);
			inputFileListPaths = (
			);
			inputPaths = (
				"${PODS_PODFILE_DIR_PATH}/Podfile.lock",
				"${PODS_ROOT}/Manifest.lock",
			);
			name = "[CP] Check Pods Manifest.lock";
			outputFileListPaths = (
			);
			outputPaths = (
				"$(DERIVED_FILE_DIR)/Pods-GoNewsTests-checkManifestLockResult.txt",
			);
			runOnlyForDeploymentPostprocessing = 0;
			shellPath = /bin/sh;
			shellScript = "diff \"${PODS_PODFILE_DIR_PATH}/Podfile.lock\" \"${PODS_ROOT}/Manifest.lock\" > /dev/null\nif [ $? != 0 ] ; then\n    # print error to STDERR\n    echo \"error: The sandbox is not in sync with the Podfile.lock. Run 'pod install' or update your CocoaPods installation.\" >&2\n    exit 1\nfi\n# This output is used by Xcode 'outputs' to avoid re-running this script phase.\necho \"SUCCESS\" > \"${SCRIPT_OUTPUT_FILE_0}\"\n";
			showEnvVarsInLog = 0;
		};
		F26C1059C2164048CC2C1772 /* [CP] Check Pods Manifest.lock */ = {
			isa = PBXShellScriptBuildPhase;
			buildActionMask = 2147483647;
			files = (
			);
			inputFileListPaths = (
			);
			inputPaths = (
				"${PODS_PODFILE_DIR_PATH}/Podfile.lock",
				"${PODS_ROOT}/Manifest.lock",
			);
			name = "[CP] Check Pods Manifest.lock";
			outputFileListPaths = (
			);
			outputPaths = (
				"$(DERIVED_FILE_DIR)/Pods-GoNewsUITests-checkManifestLockResult.txt",
			);
			runOnlyForDeploymentPostprocessing = 0;
			shellPath = /bin/sh;
			shellScript = "diff \"${PODS_PODFILE_DIR_PATH}/Podfile.lock\" \"${PODS_ROOT}/Manifest.lock\" > /dev/null\nif [ $? != 0 ] ; then\n    # print error to STDERR\n    echo \"error: The sandbox is not in sync with the Podfile.lock. Run 'pod install' or update your CocoaPods installation.\" >&2\n    exit 1\nfi\n# This output is used by Xcode 'outputs' to avoid re-running this script phase.\necho \"SUCCESS\" > \"${SCRIPT_OUTPUT_FILE_0}\"\n";
			showEnvVarsInLog = 0;
		};
/* End PBXShellScriptBuildPhase section */

/* Begin PBXSourcesBuildPhase section */
		9A25D3A92206713000D96661 /* Sources */ = {
			isa = PBXSourcesBuildPhase;
			buildActionMask = 2147483647;
			files = (
				9A5E90312207B4F800ABDE63 /* SearchViewController.swift in Sources */,
				9A5E90302207B4F800ABDE63 /* NewsViewController.swift in Sources */,
				9A25D3B12206713000D96661 /* AppDelegate.swift in Sources */,
				9A5E90332207B78C00ABDE63 /* KeyConstants.swift in Sources */,
				9A5E90242207B43C00ABDE63 /* UIContol+Extension.swift in Sources */,
				9A5E902A2207B4ED00ABDE63 /* NewsTableViewCell.swift in Sources */,
			);
			runOnlyForDeploymentPostprocessing = 0;
		};
		9A25D3BF2206713100D96661 /* Sources */ = {
			isa = PBXSourcesBuildPhase;
			buildActionMask = 2147483647;
			files = (
				9A25D3C82206713100D96661 /* GoNewsTests.swift in Sources */,
			);
			runOnlyForDeploymentPostprocessing = 0;
		};
		9A25D3CA2206713100D96661 /* Sources */ = {
			isa = PBXSourcesBuildPhase;
			buildActionMask = 2147483647;
			files = (
				9A25D3D32206713100D96661 /* GoNewsUITests.swift in Sources */,
			);
			runOnlyForDeploymentPostprocessing = 0;
		};
/* End PBXSourcesBuildPhase section */

/* Begin PBXTargetDependency section */
		9A25D3C52206713100D96661 /* PBXTargetDependency */ = {
			isa = PBXTargetDependency;
			target = 9A25D3AC2206713000D96661 /* GoNews */;
			targetProxy = 9A25D3C42206713100D96661 /* PBXContainerItemProxy */;
		};
		9A25D3D02206713100D96661 /* PBXTargetDependency */ = {
			isa = PBXTargetDependency;
			target = 9A25D3AC2206713000D96661 /* GoNews */;
			targetProxy = 9A25D3CF2206713100D96661 /* PBXContainerItemProxy */;
		};
/* End PBXTargetDependency section */

/* Begin PBXVariantGroup section */
		9A25D3B62206713000D96661 /* Main.storyboard */ = {
			isa = PBXVariantGroup;
			children = (
				9A25D3B72206713000D96661 /* Base */,
			);
			name = Main.storyboard;
			sourceTree = "<group>";
		};
		9A25D3BB2206713100D96661 /* LaunchScreen.storyboard */ = {
			isa = PBXVariantGroup;
			children = (
				9A25D3BC2206713100D96661 /* Base */,
			);
			name = LaunchScreen.storyboard;
			sourceTree = "<group>";
		};
/* End PBXVariantGroup section */

/* Begin XCBuildConfiguration section */
		9A25D3D52206713100D96661 /* Debug */ = {
			isa = XCBuildConfiguration;
			buildSettings = {
				ALWAYS_SEARCH_USER_PATHS = NO;
				CLANG_ANALYZER_NONNULL = YES;
				CLANG_ANALYZER_NUMBER_OBJECT_CONVERSION = YES_AGGRESSIVE;
				CLANG_CXX_LANGUAGE_STANDARD = "gnu++14";
				CLANG_CXX_LIBRARY = "libc++";
				CLANG_ENABLE_MODULES = YES;
				CLANG_ENABLE_OBJC_ARC = YES;
				CLANG_ENABLE_OBJC_WEAK = YES;
				CLANG_WARN_BLOCK_CAPTURE_AUTORELEASING = YES;
				CLANG_WARN_BOOL_CONVERSION = YES;
				CLANG_WARN_COMMA = YES;
				CLANG_WARN_CONSTANT_CONVERSION = YES;
				CLANG_WARN_DEPRECATED_OBJC_IMPLEMENTATIONS = YES;
				CLANG_WARN_DIRECT_OBJC_ISA_USAGE = YES_ERROR;
				CLANG_WARN_DOCUMENTATION_COMMENTS = YES;
				CLANG_WARN_EMPTY_BODY = YES;
				CLANG_WARN_ENUM_CONVERSION = YES;
				CLANG_WARN_INFINITE_RECURSION = YES;
				CLANG_WARN_INT_CONVERSION = YES;
				CLANG_WARN_NON_LITERAL_NULL_CONVERSION = YES;
				CLANG_WARN_OBJC_IMPLICIT_RETAIN_SELF = YES;
				CLANG_WARN_OBJC_LITERAL_CONVERSION = YES;
				CLANG_WARN_OBJC_ROOT_CLASS = YES_ERROR;
				CLANG_WARN_RANGE_LOOP_ANALYSIS = YES;
				CLANG_WARN_STRICT_PROTOTYPES = YES;
				CLANG_WARN_SUSPICIOUS_MOVE = YES;
				CLANG_WARN_UNGUARDED_AVAILABILITY = YES_AGGRESSIVE;
				CLANG_WARN_UNREACHABLE_CODE = YES;
				CLANG_WARN__DUPLICATE_METHOD_MATCH = YES;
				CODE_SIGN_IDENTITY = "iPhone Developer";
				COPY_PHASE_STRIP = NO;
				DEBUG_INFORMATION_FORMAT = dwarf;
				ENABLE_STRICT_OBJC_MSGSEND = YES;
				ENABLE_TESTABILITY = YES;
				GCC_C_LANGUAGE_STANDARD = gnu11;
				GCC_DYNAMIC_NO_PIC = NO;
				GCC_NO_COMMON_BLOCKS = YES;
				GCC_OPTIMIZATION_LEVEL = 0;
				GCC_PREPROCESSOR_DEFINITIONS = (
					"DEBUG=1",
					"$(inherited)",
				);
				GCC_WARN_64_TO_32_BIT_CONVERSION = YES;
				GCC_WARN_ABOUT_RETURN_TYPE = YES_ERROR;
				GCC_WARN_UNDECLARED_SELECTOR = YES;
				GCC_WARN_UNINITIALIZED_AUTOS = YES_AGGRESSIVE;
				GCC_WARN_UNUSED_FUNCTION = YES;
				GCC_WARN_UNUSED_VARIABLE = YES;
				IPHONEOS_DEPLOYMENT_TARGET = 12.1;
				MTL_ENABLE_DEBUG_INFO = INCLUDE_SOURCE;
				MTL_FAST_MATH = YES;
				ONLY_ACTIVE_ARCH = YES;
				SDKROOT = iphoneos;
				SWIFT_ACTIVE_COMPILATION_CONDITIONS = DEBUG;
				SWIFT_OPTIMIZATION_LEVEL = "-Onone";
			};
			name = Debug;
		};
		9A25D3D62206713100D96661 /* Release */ = {
			isa = XCBuildConfiguration;
			buildSettings = {
				ALWAYS_SEARCH_USER_PATHS = NO;
				CLANG_ANALYZER_NONNULL = YES;
				CLANG_ANALYZER_NUMBER_OBJECT_CONVERSION = YES_AGGRESSIVE;
				CLANG_CXX_LANGUAGE_STANDARD = "gnu++14";
				CLANG_CXX_LIBRARY = "libc++";
				CLANG_ENABLE_MODULES = YES;
				CLANG_ENABLE_OBJC_ARC = YES;
				CLANG_ENABLE_OBJC_WEAK = YES;
				CLANG_WARN_BLOCK_CAPTURE_AUTORELEASING = YES;
				CLANG_WARN_BOOL_CONVERSION = YES;
				CLANG_WARN_COMMA = YES;
				CLANG_WARN_CONSTANT_CONVERSION = YES;
				CLANG_WARN_DEPRECATED_OBJC_IMPLEMENTATIONS = YES;
				CLANG_WARN_DIRECT_OBJC_ISA_USAGE = YES_ERROR;
				CLANG_WARN_DOCUMENTATION_COMMENTS = YES;
				CLANG_WARN_EMPTY_BODY = YES;
				CLANG_WARN_ENUM_CONVERSION = YES;
				CLANG_WARN_INFINITE_RECURSION = YES;
				CLANG_WARN_INT_CONVERSION = YES;
				CLANG_WARN_NON_LITERAL_NULL_CONVERSION = YES;
				CLANG_WARN_OBJC_IMPLICIT_RETAIN_SELF = YES;
				CLANG_WARN_OBJC_LITERAL_CONVERSION = YES;
				CLANG_WARN_OBJC_ROOT_CLASS = YES_ERROR;
				CLANG_WARN_RANGE_LOOP_ANALYSIS = YES;
				CLANG_WARN_STRICT_PROTOTYPES = YES;
				CLANG_WARN_SUSPICIOUS_MOVE = YES;
				CLANG_WARN_UNGUARDED_AVAILABILITY = YES_AGGRESSIVE;
				CLANG_WARN_UNREACHABLE_CODE = YES;
				CLANG_WARN__DUPLICATE_METHOD_MATCH = YES;
				CODE_SIGN_IDENTITY = "iPhone Developer";
				COPY_PHASE_STRIP = NO;
				DEBUG_INFORMATION_FORMAT = "dwarf-with-dsym";
				ENABLE_NS_ASSERTIONS = NO;
				ENABLE_STRICT_OBJC_MSGSEND = YES;
				GCC_C_LANGUAGE_STANDARD = gnu11;
				GCC_NO_COMMON_BLOCKS = YES;
				GCC_WARN_64_TO_32_BIT_CONVERSION = YES;
				GCC_WARN_ABOUT_RETURN_TYPE = YES_ERROR;
				GCC_WARN_UNDECLARED_SELECTOR = YES;
				GCC_WARN_UNINITIALIZED_AUTOS = YES_AGGRESSIVE;
				GCC_WARN_UNUSED_FUNCTION = YES;
				GCC_WARN_UNUSED_VARIABLE = YES;
				IPHONEOS_DEPLOYMENT_TARGET = 12.1;
				MTL_ENABLE_DEBUG_INFO = NO;
				MTL_FAST_MATH = YES;
				SDKROOT = iphoneos;
				SWIFT_COMPILATION_MODE = wholemodule;
				SWIFT_OPTIMIZATION_LEVEL = "-O";
				VALIDATE_PRODUCT = YES;
			};
			name = Release;
		};
		9A25D3D82206713100D96661 /* Debug */ = {
			isa = XCBuildConfiguration;
			baseConfigurationReference = 714CF363F8D5F3F9DBF8B79E /* Pods-GoNews.debug.xcconfig */;
			buildSettings = {
				ASSETCATALOG_COMPILER_APPICON_NAME = AppIcon;
				CODE_SIGN_STYLE = Automatic;
				DEVELOPMENT_TEAM = 4RUBRZJS34;
				INFOPLIST_FILE = GoNews/Info.plist;
				LD_RUNPATH_SEARCH_PATHS = (
					"$(inherited)",
					"@executable_path/Frameworks",
				);
				PRODUCT_BUNDLE_IDENTIFIER = Bhadasia.GoNews;
				PRODUCT_NAME = "$(TARGET_NAME)";
				SWIFT_VERSION = 4.2;
				TARGETED_DEVICE_FAMILY = "1,2";
			};
			name = Debug;
		};
		9A25D3D92206713100D96661 /* Release */ = {
			isa = XCBuildConfiguration;
			baseConfigurationReference = 59DF5244871F258CEA4EAEB8 /* Pods-GoNews.release.xcconfig */;
			buildSettings = {
				ASSETCATALOG_COMPILER_APPICON_NAME = AppIcon;
				CODE_SIGN_STYLE = Automatic;
				DEVELOPMENT_TEAM = 4RUBRZJS34;
				INFOPLIST_FILE = GoNews/Info.plist;
				LD_RUNPATH_SEARCH_PATHS = (
					"$(inherited)",
					"@executable_path/Frameworks",
				);
				PRODUCT_BUNDLE_IDENTIFIER = Bhadasia.GoNews;
				PRODUCT_NAME = "$(TARGET_NAME)";
				SWIFT_VERSION = 4.2;
				TARGETED_DEVICE_FAMILY = "1,2";
			};
			name = Release;
		};
		9A25D3DB2206713100D96661 /* Debug */ = {
			isa = XCBuildConfiguration;
			baseConfigurationReference = E6A073294239F1C4A528A4F0 /* Pods-GoNewsTests.debug.xcconfig */;
			buildSettings = {
				ALWAYS_EMBED_SWIFT_STANDARD_LIBRARIES = YES;
				BUNDLE_LOADER = "$(TEST_HOST)";
				CODE_SIGN_STYLE = Automatic;
				DEVELOPMENT_TEAM = 4RUBRZJS34;
				INFOPLIST_FILE = GoNewsTests/Info.plist;
				LD_RUNPATH_SEARCH_PATHS = (
					"$(inherited)",
					"@executable_path/Frameworks",
					"@loader_path/Frameworks",
				);
				PRODUCT_BUNDLE_IDENTIFIER = Bhadasia.GoNewsTests;
				PRODUCT_NAME = "$(TARGET_NAME)";
				SWIFT_VERSION = 4.2;
				TARGETED_DEVICE_FAMILY = "1,2";
				TEST_HOST = "$(BUILT_PRODUCTS_DIR)/GoNews.app/GoNews";
			};
			name = Debug;
		};
		9A25D3DC2206713100D96661 /* Release */ = {
			isa = XCBuildConfiguration;
			baseConfigurationReference = 1C77480E0162F218983DA5B0 /* Pods-GoNewsTests.release.xcconfig */;
			buildSettings = {
				ALWAYS_EMBED_SWIFT_STANDARD_LIBRARIES = YES;
				BUNDLE_LOADER = "$(TEST_HOST)";
				CODE_SIGN_STYLE = Automatic;
				DEVELOPMENT_TEAM = 4RUBRZJS34;
				INFOPLIST_FILE = GoNewsTests/Info.plist;
				LD_RUNPATH_SEARCH_PATHS = (
					"$(inherited)",
					"@executable_path/Frameworks",
					"@loader_path/Frameworks",
				);
				PRODUCT_BUNDLE_IDENTIFIER = Bhadasia.GoNewsTests;
				PRODUCT_NAME = "$(TARGET_NAME)";
				SWIFT_VERSION = 4.2;
				TARGETED_DEVICE_FAMILY = "1,2";
				TEST_HOST = "$(BUILT_PRODUCTS_DIR)/GoNews.app/GoNews";
			};
			name = Release;
		};
		9A25D3DE2206713100D96661 /* Debug */ = {
			isa = XCBuildConfiguration;
			baseConfigurationReference = CF3E5621436A9460E7539408 /* Pods-GoNewsUITests.debug.xcconfig */;
			buildSettings = {
				ALWAYS_EMBED_SWIFT_STANDARD_LIBRARIES = YES;
				CODE_SIGN_STYLE = Automatic;
				DEVELOPMENT_TEAM = 4RUBRZJS34;
				INFOPLIST_FILE = GoNewsUITests/Info.plist;
				LD_RUNPATH_SEARCH_PATHS = (
					"$(inherited)",
					"@executable_path/Frameworks",
					"@loader_path/Frameworks",
				);
				PRODUCT_BUNDLE_IDENTIFIER = Bhadasia.GoNewsUITests;
				PRODUCT_NAME = "$(TARGET_NAME)";
				SWIFT_VERSION = 4.2;
				TARGETED_DEVICE_FAMILY = "1,2";
				TEST_TARGET_NAME = GoNews;
			};
			name = Debug;
		};
		9A25D3DF2206713100D96661 /* Release */ = {
			isa = XCBuildConfiguration;
			baseConfigurationReference = 9D5B19341198C9A5974A4B4A /* Pods-GoNewsUITests.release.xcconfig */;
			buildSettings = {
				ALWAYS_EMBED_SWIFT_STANDARD_LIBRARIES = YES;
				CODE_SIGN_STYLE = Automatic;
				DEVELOPMENT_TEAM = 4RUBRZJS34;
				INFOPLIST_FILE = GoNewsUITests/Info.plist;
				LD_RUNPATH_SEARCH_PATHS = (
					"$(inherited)",
					"@executable_path/Frameworks",
					"@loader_path/Frameworks",
				);
				PRODUCT_BUNDLE_IDENTIFIER = Bhadasia.GoNewsUITests;
				PRODUCT_NAME = "$(TARGET_NAME)";
				SWIFT_VERSION = 4.2;
				TARGETED_DEVICE_FAMILY = "1,2";
				TEST_TARGET_NAME = GoNews;
			};
			name = Release;
		};
/* End XCBuildConfiguration section */

/* Begin XCConfigurationList section */
		9A25D3A82206713000D96661 /* Build configuration list for PBXProject "GoNews" */ = {
			isa = XCConfigurationList;
			buildConfigurations = (
				9A25D3D52206713100D96661 /* Debug */,
				9A25D3D62206713100D96661 /* Release */,
			);
			defaultConfigurationIsVisible = 0;
			defaultConfigurationName = Release;
		};
		9A25D3D72206713100D96661 /* Build configuration list for PBXNativeTarget "GoNews" */ = {
			isa = XCConfigurationList;
			buildConfigurations = (
				9A25D3D82206713100D96661 /* Debug */,
				9A25D3D92206713100D96661 /* Release */,
			);
			defaultConfigurationIsVisible = 0;
			defaultConfigurationName = Release;
		};
		9A25D3DA2206713100D96661 /* Build configuration list for PBXNativeTarget "GoNewsTests" */ = {
			isa = XCConfigurationList;
			buildConfigurations = (
				9A25D3DB2206713100D96661 /* Debug */,
				9A25D3DC2206713100D96661 /* Release */,
			);
			defaultConfigurationIsVisible = 0;
			defaultConfigurationName = Release;
		};
		9A25D3DD2206713100D96661 /* Build configuration list for PBXNativeTarget "GoNewsUITests" */ = {
			isa = XCConfigurationList;
			buildConfigurations = (
				9A25D3DE2206713100D96661 /* Debug */,
				9A25D3DF2206713100D96661 /* Release */,
			);
			defaultConfigurationIsVisible = 0;
			defaultConfigurationName = Release;
		};
/* End XCConfigurationList section */
	};
	rootObject = 9A25D3A52206713000D96661 /* Project object */;
}
